
Microsoft Visual Studio Solution File, Format Version 12.00
# Visual Studio 15
VisualStudioVersion = 15.0.28307.168
MinimumVisualStudioVersion = 10.0.40219.1
Project("{FAE04EC0-301F-11D3-BF4B-00C04F79EFBC}") = "UnderstandingBinarySearchTree", "UnderstandingBinarySearchTree\UnderstandingBinarySearchTree.csproj", "{65EB83EA-A57A-47E3-9E22-7F292D89D115}"
EndProject
Global
	GlobalSection(SolutionConfigurationPlatforms) = preSolution
		Debug|Any CPU = Debug|Any CPU
		Release|Any CPU = Release|Any CPU
	EndGlobalSection
	GlobalSection(ProjectConfigurationPlatforms) = postSolution
		{65EB83EA-A57A-47E3-9E22-7F292D89D115}.Debug|Any CPU.ActiveCfg = Debug|Any CPU
		{65EB83EA-A57A-47E3-9E22-7F292D89D115}.Debug|Any CPU.Build.0 = Debug|Any CPU
		{65EB83EA-A57A-47E3-9E22-7F292D89D115}.Release|Any CPU.ActiveCfg = Release|Any CPU
		{65EB83EA-A57A-47E3-9E22-7F292D89D115}.Release|Any CPU.Build.0 = Release|Any CPU
	EndGlobalSection
	GlobalSection(SolutionProperties) = preSolution
		HideSolutionNode = FALSE
	EndGlobalSection
	GlobalSection(ExtensibilityGlobals) = postSolution
		SolutionGuid = {95D65E91-D846-4255-8FE7-E58EE1C36E39}
	EndGlobalSection
EndGlobal
